Microsoft Visual Studio Solution File, Format Version 11.00
# Visual Studio 2008

Project("{01538AD6-B420-B6E1-FE12-2EE4ED18FFC1}") = "Pants Adventure", "Assembly-CSharp-firstpass.csproj", "{560EF6A0-1BA1-93E8-D6F9-B994FF90F9F9}"
EndProject
Project("{01538AD6-B420-B6E1-FE12-2EE4ED18FFC1}") = "Pants Adventure", "Assembly-CSharp.csproj", "{9A06CD95-FE14-2232-7B93-777266336314}"
EndProject
Project("{01538AD6-B420-B6E1-FE12-2EE4ED18FFC1}") = "Pants Adventure", "Assembly-CSharp-Editor.csproj", "{98075585-21C2-AFF0-532F-3E983FA9058C}"
EndProject
Project("{01538AD6-B420-B6E1-FE12-2EE4ED18FFC1}") = "Pants Adventure", "Assembly-UnityScript-firstpass.unityproj", "{6868AA16-34CE-7672-1252-8DF61B1E93CD}"
EndProject
Project("{01538AD6-B420-B6E1-FE12-2EE4ED18FFC1}") = "Pants Adventure", "Assembly-UnityScript.unityproj", "{ABCC14FC-CD39-718B-77C9-1E43E5E652CA}"
EndProject
Project("{01538AD6-B420-B6E1-FE12-2EE4ED18FFC1}") = "Pants Adventure", "Assembly-UnityScript-Editor.unityproj", "{6EC311BA-713F-BF4B-C9F4-DDDB4AF00810}"
EndProject
Global
	GlobalSection(SolutionConfigurationPlatforms) = preSolution
		Debug|Any CPU = Debug|Any CPU
		Release|Any CPU = Release|Any CPU
	EndGlobalSection
	GlobalSection(ProjectConfigurationPlatforms) = postSolution
		{560EF6A0-1BA1-93E8-D6F9-B994FF90F9F9}.Debug|Any CPU.ActiveCfg = Debug|Any CPU
		{560EF6A0-1BA1-93E8-D6F9-B994FF90F9F9}.Debug|Any CPU.Build.0 = Debug|Any CPU
		{560EF6A0-1BA1-93E8-D6F9-B994FF90F9F9}.Release|Any CPU.ActiveCfg = Release|Any CPU
		{560EF6A0-1BA1-93E8-D6F9-B994FF90F9F9}.Release|Any CPU.Build.0 = Release|Any CPU
		{9A06CD95-FE14-2232-7B93-777266336314}.Debug|Any CPU.ActiveCfg = Debug|Any CPU
		{9A06CD95-FE14-2232-7B93-777266336314}.Debug|Any CPU.Build.0 = Debug|Any CPU
		{9A06CD95-FE14-2232-7B93-777266336314}.Release|Any CPU.ActiveCfg = Release|Any CPU
		{9A06CD95-FE14-2232-7B93-777266336314}.Release|Any CPU.Build.0 = Release|Any CPU
		{98075585-21C2-AFF0-532F-3E983FA9058C}.Debug|Any CPU.ActiveCfg = Debug|Any CPU
		{98075585-21C2-AFF0-532F-3E983FA9058C}.Debug|Any CPU.Build.0 = Debug|Any CPU
		{98075585-21C2-AFF0-532F-3E983FA9058C}.Release|Any CPU.ActiveCfg = Release|Any CPU
		{98075585-21C2-AFF0-532F-3E983FA9058C}.Release|Any CPU.Build.0 = Release|Any CPU
		{6868AA16-34CE-7672-1252-8DF61B1E93CD}.Debug|Any CPU.ActiveCfg = Debug|Any CPU
		{6868AA16-34CE-7672-1252-8DF61B1E93CD}.Debug|Any CPU.Build.0 = Debug|Any CPU
		{6868AA16-34CE-7672-1252-8DF61B1E93CD}.Release|Any CPU.ActiveCfg = Release|Any CPU
		{6868AA16-34CE-7672-1252-8DF61B1E93CD}.Release|Any CPU.Build.0 = Release|Any CPU
		{ABCC14FC-CD39-718B-77C9-1E43E5E652CA}.Debug|Any CPU.ActiveCfg = Debug|Any CPU
		{ABCC14FC-CD39-718B-77C9-1E43E5E652CA}.Debug|Any CPU.Build.0 = Debug|Any CPU
		{ABCC14FC-CD39-718B-77C9-1E43E5E652CA}.Release|Any CPU.ActiveCfg = Release|Any CPU
		{ABCC14FC-CD39-718B-77C9-1E43E5E652CA}.Release|Any CPU.Build.0 = Release|Any CPU
		{6EC311BA-713F-BF4B-C9F4-DDDB4AF00810}.Debug|Any CPU.ActiveCfg = Debug|Any CPU
		{6EC311BA-713F-BF4B-C9F4-DDDB4AF00810}.Debug|Any CPU.Build.0 = Debug|Any CPU
		{6EC311BA-713F-BF4B-C9F4-DDDB4AF00810}.Release|Any CPU.ActiveCfg = Release|Any CPU
		{6EC311BA-713F-BF4B-C9F4-DDDB4AF00810}.Release|Any CPU.Build.0 = Release|Any CPU
	EndGlobalSection
	GlobalSection(SolutionProperties) = preSolution
		HideSolutionNode = FALSE
	EndGlobalSection
																																																																																																			GlobalSection(MonoDevelopProperties) = preSolution
		StartupItem = Assembly-CSharp.csproj
		Policies = $0
		$0.TextStylePolicy = $1
		$1.inheritsSet = null
		$1.scope = text/x-csharp
		$0.CSharpFormattingPolicy = $2
		$2.inheritsSet = Mono
		$2.inheritsScope = text/x-csharp
		$2.scope = text/x-csharp
		$0.TextStylePolicy = $3
		$3.FileWidth = 120
		$3.TabWidth = 4
		$3.EolMarker = Unix
		$3.inheritsSet = Mono
		$3.inheritsScope = text/plain
		$3.scope = text/plain
	EndGlobalSection

EndGlobal
